
Microsoft Visual Studio Solution File, Format Version 12.00
# Visual Studio Version 17
VisualStudioVersion = 17.1.32407.343
MinimumVisualStudioVersion = 10.0.40219.1
Project("{9A19103F-16F7-4668-BE54-9A1E7A4F7556}") = "Movie.Api", "Movie.Api\Movie.Api.csproj", "{180161A2-EC96-422D-88ED-6777EE0F4F9A}"
EndProject
Project("{9A19103F-16F7-4668-BE54-9A1E7A4F7556}") = "MovieApi.Core", "MovieApi.Core\MovieApi.Core.csproj", "{5A215646-E066-41E7-9619-0A027E17C0E6}"
EndProject
Project("{9A19103F-16F7-4668-BE54-9A1E7A4F7556}") = "MovieApi.Persistance", "MovieApi.Persistance\MovieApi.Persistance.csproj", "{67194851-E8E2-4ADA-8DCC-07FFD3D12D4A}"
EndProject
Global
	GlobalSection(SolutionConfigurationPlatforms) = preSolution
		Debug|Any CPU = Debug|Any CPU
		Release|Any CPU = Release|Any CPU
	EndGlobalSection
	GlobalSection(ProjectConfigurationPlatforms) = postSolution
		{180161A2-EC96-422D-88ED-6777EE0F4F9A}.Debug|Any CPU.ActiveCfg = Debug|Any CPU
		{180161A2-EC96-422D-88ED-6777EE0F4F9A}.Debug|Any CPU.Build.0 = Debug|Any CPU
		{180161A2-EC96-422D-88ED-6777EE0F4F9A}.Release|Any CPU.ActiveCfg = Release|Any CPU
		{180161A2-EC96-422D-88ED-6777EE0F4F9A}.Release|Any CPU.Build.0 = Release|Any CPU
		{5A215646-E066-41E7-9619-0A027E17C0E6}.Debug|Any CPU.ActiveCfg = Debug|Any CPU
		{5A215646-E066-41E7-9619-0A027E17C0E6}.Debug|Any CPU.Build.0 = Debug|Any CPU
		{5A215646-E066-41E7-9619-0A027E17C0E6}.Release|Any CPU.ActiveCfg = Release|Any CPU
		{5A215646-E066-41E7-9619-0A027E17C0E6}.Release|Any CPU.Build.0 = Release|Any CPU
		{67194851-E8E2-4ADA-8DCC-07FFD3D12D4A}.Debug|Any CPU.ActiveCfg = Debug|Any CPU
		{67194851-E8E2-4ADA-8DCC-07FFD3D12D4A}.Debug|Any CPU.Build.0 = Debug|Any CPU
		{67194851-E8E2-4ADA-8DCC-07FFD3D12D4A}.Release|Any CPU.ActiveCfg = Release|Any CPU
		{67194851-E8E2-4ADA-8DCC-07FFD3D12D4A}.Release|Any CPU.Build.0 = Release|Any CPU
	EndGlobalSection
	GlobalSection(SolutionProperties) = preSolution
		HideSolutionNode = FALSE
	EndGlobalSection
	GlobalSection(ExtensibilityGlobals) = postSolution
		SolutionGuid = {8A3475BC-C855-46FB-AC6D-0776D4FB349A}
	EndGlobalSection
EndGlobal
